
Microsoft Visual Studio Solution File, Format Version 12.00
# Visual Studio Version 17
VisualStudioVersion = 17.6.33723.286
MinimumVisualStudioVersion = 10.0.40219.1
Project("{FAE04EC0-301F-11D3-BF4B-00C04F79EFBC}") = "JokeRegistryWebApp", "JokeRegistryWebApp.csproj", "{CE14D959-D6B6-462E-8BFB-B7273F27E4B4}"
EndProject
Global
	GlobalSection(SolutionConfigurationPlatforms) = preSolution
		Debug|Any CPU = Debug|Any CPU
		Release|Any CPU = Release|Any CPU
	EndGlobalSection
	GlobalSection(ProjectConfigurationPlatforms) = postSolution
		{CE14D959-D6B6-462E-8BFB-B7273F27E4B4}.Debug|Any CPU.ActiveCfg = Debug|Any CPU
		{CE14D959-D6B6-462E-8BFB-B7273F27E4B4}.Debug|Any CPU.Build.0 = Debug|Any CPU
		{CE14D959-D6B6-462E-8BFB-B7273F27E4B4}.Release|Any CPU.ActiveCfg = Release|Any CPU
		{CE14D959-D6B6-462E-8BFB-B7273F27E4B4}.Release|Any CPU.Build.0 = Release|Any CPU
	EndGlobalSection
	GlobalSection(SolutionProperties) = preSolution
		HideSolutionNode = FALSE
	EndGlobalSection
	GlobalSection(ExtensibilityGlobals) = postSolution
		SolutionGuid = {EB0133DF-205F-4277-A334-39592877B2E8}
	EndGlobalSection
EndGlobal
